
Microsoft Visual Studio Solution File, Format Version 12.00
# Visual Studio Version 16
VisualStudioVersion = 16.0.30320.27
MinimumVisualStudioVersion = 10.0.40219.1
Project("{8BC9CEB8-8B4A-11D0-8D11-00A0C91BC942}") = "instrument-panel", "instrument-panel\instrument-panel.vcxproj", "{1B9187C4-CE29-4C34-82ED-4F3BE345E0EB}"
EndProject
Global
	GlobalSection(SolutionConfigurationPlatforms) = preSolution
		Debug|x64 = Debug|x64
		Debug|x86 = Debug|x86
		Release|x64 = Release|x64
		Release|x86 = Release|x86
	EndGlobalSection
	GlobalSection(ProjectConfigurationPlatforms) = postSolution
		{1B9187C4-CE29-4C34-82ED-4F3BE345E0EB}.Debug|x64.ActiveCfg = Debug|x64
		{1B9187C4-CE29-4C34-82ED-4F3BE345E0EB}.Debug|x64.Build.0 = Debug|x64
		{1B9187C4-CE29-4C34-82ED-4F3BE345E0EB}.Debug|x86.ActiveCfg = Debug|Win32
		{1B9187C4-CE29-4C34-82ED-4F3BE345E0EB}.Debug|x86.Build.0 = Debug|Win32
		{1B9187C4-CE29-4C34-82ED-4F3BE345E0EB}.Release|x64.ActiveCfg = Release|x64
		{1B9187C4-CE29-4C34-82ED-4F3BE345E0EB}.Release|x64.Build.0 = Release|x64
		{1B9187C4-CE29-4C34-82ED-4F3BE345E0EB}.Release|x86.ActiveCfg = Release|Win32
		{1B9187C4-CE29-4C34-82ED-4F3BE345E0EB}.Release|x86.Build.0 = Release|Win32
	EndGlobalSection
	GlobalSection(SolutionProperties) = preSolution
		HideSolutionNode = FALSE
	EndGlobalSection
	GlobalSection(ExtensibilityGlobals) = postSolution
		SolutionGuid = {019D3739-38CB-4F76-A568-35915BF5200E}
	EndGlobalSection
EndGlobal
