<?xml version="1.0" encoding="utf-8"?>
<Project ToolsVersion="4.0" xmlns="http://schemas.microsoft.com/developer/msbuild/2003">
  <ItemGroup>
    <ClCompile Include="instrument-panel.cpp" />
    <ClCompile Include="instrument.cpp" />
    <ClCompile Include="simvars.cpp" />
    <ClCompile Include="knobs.cpp" />
    <ClCompile Include="instruments\adi.cpp">
      <Filter>instruments</Filter>
    </ClCompile>
    <ClCompile Include="instruments\alt.cpp">
      <Filter>instruments</Filter>
    </ClCompile>
    <ClCompile Include="instruments\asi.cpp">
      <Filter>instruments</Filter>
    </ClCompile>
    <ClCompile Include="instruments\vsi.cpp">
      <Filter>instruments</Filter>
    </ClCompile>
    <ClCompile Include="instruments\tc.cpp">
      <Filter>instruments</Filter>
    </ClCompile>
    <ClCompile Include="instruments\hi.cpp">
      <Filter>instruments</Filter>
    </ClCompile>
    <ClCompile Include="instruments\annunciator.cpp">
      <Filter>instruments</Filter>
    </ClCompile>
    <ClCompile Include="instruments\oil.cpp">
      <Filter>instruments</Filter>
    </ClCompile>
    <ClCompile Include="instruments\trimFlaps.cpp">
      <Filter>instruments</Filter>
    </ClCompile>
    <ClCompile Include="instruments\egt.cpp">
      <Filter>instruments</Filter>
    </ClCompile>
    <ClCompile Include="instruments\vac.cpp">
      <Filter>instruments</Filter>
    </ClCompile>
    <ClCompile Include="instruments\digitalClock.cpp">
      <Filter>instruments</Filter>
    </ClCompile>
    <ClCompile Include="simvarDefs.cpp" />
    <ClCompile Include="instruments\rpm.cpp">
      <Filter>instruments</Filter>
    </ClCompile>
    <ClCompile Include="instruments\fuel.cpp">
      <Filter>instruments</Filter>
    </ClCompile>
    <ClCompile Include="instruments\vor1.cpp">
      <Filter>instruments</Filter>
    </ClCompile>
    <ClCompile Include="instruments\adf.cpp">
      <Filter>instruments</Filter>
    </ClCompile>
    <ClCompile Include="instruments\vor2.cpp">
      <Filter>instruments</Filter>
    </ClCompile>
    <ClCompile Include="instruments\nav.cpp">
      <Filter>instruments</Filter>
    </ClCompile>
    <ClCompile Include="instruments\learjet\adiLearjet.cpp">
      <Filter>instruments\learjet</Filter>
    </ClCompile>
    <ClCompile Include="instruments\savageCub\asiSavageCub.cpp">
      <Filter>instruments\savageCub</Filter>
    </ClCompile>
    <ClCompile Include="instruments\savageCub\rpmSavageCub.cpp">
      <Filter>instruments\savageCub</Filter>
    </ClCompile>
    <ClCompile Include="instruments\savageCub\comSavageCub.cpp">
      <Filter>instruments\savageCub</Filter>
    </ClCompile>
    <ClCompile Include="instruments\savageCub\xpdrSavageCub.cpp">
      <Filter>instruments\savageCub</Filter>
    </ClCompile>
    <ClCompile Include="instruments\radCom.cpp">
      <Filter>instruments</Filter>
    </ClCompile>
    <ClCompile Include="instruments\alternate\altFast.cpp">
      <Filter>instruments\alternate</Filter>
    </ClCompile>
    <ClCompile Include="instruments\alternate\asiFast.cpp">
      <Filter>instruments\alternate</Filter>
    </ClCompile>
    <ClCompile Include="instruments\alternate\rpmPercent.cpp">
      <Filter>instruments\alternate</Filter>
    </ClCompile>
  </ItemGroup>
  <ItemGroup>
    <ClInclude Include="instrument.h" />
    <ClInclude Include="simvars.h" />
    <ClInclude Include="globals.h" />
    <ClInclude Include="knobs.h" />
    <ClInclude Include="instruments\adi.h">
      <Filter>instruments</Filter>
    </ClInclude>
    <ClInclude Include="instruments\alt.h">
      <Filter>instruments</Filter>
    </ClInclude>
    <ClInclude Include="instruments\asi.h">
      <Filter>instruments</Filter>
    </ClInclude>
    <ClInclude Include="instruments\vsi.h">
      <Filter>instruments</Filter>
    </ClInclude>
    <ClInclude Include="instruments\tc.h">
      <Filter>instruments</Filter>
    </ClInclude>
    <ClInclude Include="instruments\hi.h">
      <Filter>instruments</Filter>
    </ClInclude>
    <ClInclude Include="instruments\annunciator.h">
      <Filter>instruments</Filter>
    </ClInclude>
    <ClInclude Include="instruments\oil.h">
      <Filter>instruments</Filter>
    </ClInclude>
    <ClInclude Include="instruments\trimFlaps.h">
      <Filter>instruments</Filter>
    </ClInclude>
    <ClInclude Include="instruments\egt.h">
      <Filter>instruments</Filter>
    </ClInclude>
    <ClInclude Include="instruments\vac.h">
      <Filter>instruments</Filter>
    </ClInclude>
    <ClInclude Include="instruments\digitalClock.h">
      <Filter>instruments</Filter>
    </ClInclude>
    <ClInclude Include="simvarDefs.h" />
    <ClInclude Include="instruments\rpm.h">
      <Filter>instruments</Filter>
    </ClInclude>
    <ClInclude Include="instruments\fuel.h">
      <Filter>instruments</Filter>
    </ClInclude>
    <ClInclude Include="instruments\vor1.h">
      <Filter>instruments</Filter>
    </ClInclude>
    <ClInclude Include="instruments\adf.h">
      <Filter>instruments</Filter>
    </ClInclude>
    <ClInclude Include="instruments\vor2.h">
      <Filter>instruments</Filter>
    </ClInclude>
    <ClInclude Include="instruments\nav.h">
      <Filter>instruments</Filter>
    </ClInclude>
    <ClInclude Include="instruments\learjet\adiLearjet.h">
      <Filter>instruments\learjet</Filter>
    </ClInclude>
    <ClInclude Include="instruments\savageCub\asiSavageCub.h">
      <Filter>instruments\savageCub</Filter>
    </ClInclude>
    <ClInclude Include="instruments\savageCub\rpmSavageCub.h">
      <Filter>instruments\savageCub</Filter>
    </ClInclude>
    <ClInclude Include="instruments\savageCub\comSavageCub.h">
      <Filter>instruments\savageCub</Filter>
    </ClInclude>
    <ClInclude Include="instruments\savageCub\xpdrSavageCub.h">
      <Filter>instruments\savageCub</Filter>
    </ClInclude>
    <ClInclude Include="instruments\radCom.h">
      <Filter>instruments</Filter>
    </ClInclude>
    <ClInclude Include="instruments\alternate\altFast.h">
      <Filter>instruments\alternate</Filter>
    </ClInclude>
    <ClInclude Include="instruments\alternate\asiFast.h">
      <Filter>instruments\alternate</Filter>
    </ClInclude>
    <ClInclude Include="instruments\alternate\rpmPercent.h">
      <Filter>instruments\alternate</Filter>
    </ClInclude>
  </ItemGroup>
  <ItemGroup>
    <None Include="packages.config" />
    <None Include="settings\instrument-panel.json">
      <Filter>settings</Filter>
    </None>
    <None Include="settings\default-settings.json">
      <Filter>settings</Filter>
    </None>
    <None Include="settings\savage-cub.json">
      <Filter>settings</Filter>
    </None>
  </ItemGroup>
  <ItemGroup>
    <Filter Include="instruments">
      <UniqueIdentifier>{c925723c-921c-4bd5-afc3-8fb981bb1458}</UniqueIdentifier>
    </Filter>
    <Filter Include="settings">
      <UniqueIdentifier>{094dab80-5399-4ed2-b45a-ef31f3d42e13}</UniqueIdentifier>
    </Filter>
    <Filter Include="instruments\savageCub">
      <UniqueIdentifier>{8df7b54e-b26e-4440-ac37-ebd58f69b5fb}</UniqueIdentifier>
    </Filter>
    <Filter Include="instruments\learjet">
      <UniqueIdentifier>{56d939fd-718b-4ddf-9a02-17369d136bb3}</UniqueIdentifier>
    </Filter>
    <Filter Include="instruments\alternate">
      <UniqueIdentifier>{47c92d55-ae1e-4c17-8c25-c286ebb2fe3f}</UniqueIdentifier>
    </Filter>
  </ItemGroup>
</Project>